version = 1
revision = 1
requires-python = ">=3.11, <4"

[[package]]
name = "javascript"
version = "1!1.2.2"
source = { registry = "https://pypi.org/simple" }
sdist = { url = "https://files.pythonhosted.org/packages/ed/a7/0f99f9380d821205e0b8236e0b56b08dc16feaef83a63462a1ca55a15277/javascript-1!1.2.2.tar.gz", hash = "sha256:a21f403c59683fa486bf166944c9bd7a545a5f4fcbc88ca6ed96ed9d61fb10b8", size = 38206 }
wheels = [
    { url = "https://files.pythonhosted.org/packages/06/a8/ff975cac5826bf987c97812fda1227257e70b4ddddf2aaca62bd5c1e7eec/javascript-1!1.2.2-py3-none-any.whl", hash = "sha256:6efbe8f481bdfd1d4aa7d3e5c412cad75db0f436b90f0587bbe20a2adb553957", size = 34352 },
]

[[package]]
name = "mkdocs-element-docs-builder"
version = "1.0.0"
source = { editable = "." }

[package.dev-dependencies]
dev = [
    { name = "javascript" },
]

[package.metadata]

[package.metadata.requires-dev]
dev = [{ name = "javascript", specifier = ">=1!1.2.2" }]
